
Microsoft Visual Studio Solution File, Format Version 12.00
# Visual Studio 15
VisualStudioVersion = 15.0.28307.136
MinimumVisualStudioVersion = 10.0.40219.1
Project("{FAE04EC0-301F-11D3-BF4B-00C04F79EFBC}") = "VisualCraftTweaker", "VisualCraftTweaker\VisualCraftTweaker.csproj", "{283234E2-AAF1-459F-A8A1-5FB06183083A}"
EndProject
Global
	GlobalSection(SolutionConfigurationPlatforms) = preSolution
		Debug|Any CPU = Debug|Any CPU
		Release|Any CPU = Release|Any CPU
	EndGlobalSection
	GlobalSection(ProjectConfigurationPlatforms) = postSolution
		{283234E2-AAF1-459F-A8A1-5FB06183083A}.Debug|Any CPU.ActiveCfg = Debug|Any CPU
		{283234E2-AAF1-459F-A8A1-5FB06183083A}.Debug|Any CPU.Build.0 = Debug|Any CPU
		{283234E2-AAF1-459F-A8A1-5FB06183083A}.Release|Any CPU.ActiveCfg = Release|Any CPU
		{283234E2-AAF1-459F-A8A1-5FB06183083A}.Release|Any CPU.Build.0 = Release|Any CPU
	EndGlobalSection
	GlobalSection(SolutionProperties) = preSolution
		HideSolutionNode = FALSE
	EndGlobalSection
	GlobalSection(ExtensibilityGlobals) = postSolution
		SolutionGuid = {3779C7DD-76FA-4DD1-B46E-3B7DFBB8AAF2}
	EndGlobalSection
EndGlobal
